
Microsoft Visual Studio Solution File, Format Version 12.00
# Visual Studio Version 16
VisualStudioVersion = 16.0.30503.244
MinimumVisualStudioVersion = 10.0.40219.1
Project("{9A19103F-16F7-4668-BE54-9A1E7A4F7556}") = "ConsoleProvinceEditor", "ConsoleProvinceEditor\ConsoleProvinceEditor.csproj", "{1917C68C-7563-44C7-AA00-D69E4A95068D}"
EndProject
Project("{FAE04EC0-301F-11D3-BF4B-00C04F79EFBC}") = "ActionLibrary", "ActionLibrary\ActionLibrary.csproj", "{42D9F556-1240-404C-8F60-009FBAB1516D}"
EndProject
Global
	GlobalSection(SolutionConfigurationPlatforms) = preSolution
		Debug|Any CPU = Debug|Any CPU
		Release|Any CPU = Release|Any CPU
	EndGlobalSection
	GlobalSection(ProjectConfigurationPlatforms) = postSolution
		{1917C68C-7563-44C7-AA00-D69E4A95068D}.Debug|Any CPU.ActiveCfg = Debug|Any CPU
		{1917C68C-7563-44C7-AA00-D69E4A95068D}.Debug|Any CPU.Build.0 = Debug|Any CPU
		{1917C68C-7563-44C7-AA00-D69E4A95068D}.Release|Any CPU.ActiveCfg = Release|Any CPU
		{1917C68C-7563-44C7-AA00-D69E4A95068D}.Release|Any CPU.Build.0 = Release|Any CPU
		{42D9F556-1240-404C-8F60-009FBAB1516D}.Debug|Any CPU.ActiveCfg = Debug|Any CPU
		{42D9F556-1240-404C-8F60-009FBAB1516D}.Debug|Any CPU.Build.0 = Debug|Any CPU
		{42D9F556-1240-404C-8F60-009FBAB1516D}.Release|Any CPU.ActiveCfg = Release|Any CPU
		{42D9F556-1240-404C-8F60-009FBAB1516D}.Release|Any CPU.Build.0 = Release|Any CPU
	EndGlobalSection
	GlobalSection(SolutionProperties) = preSolution
		HideSolutionNode = FALSE
	EndGlobalSection
	GlobalSection(ExtensibilityGlobals) = postSolution
		SolutionGuid = {66CC4B60-5FAE-4ECD-A81B-10B9DF384A04}
	EndGlobalSection
EndGlobal
